
Microsoft Visual Studio Solution File, Format Version 12.00
# Visual Studio Version 17
VisualStudioVersion = 17.14.36518.9
MinimumVisualStudioVersion = 10.0.40219.1
Project("{FAE04EC0-301F-11D3-BF4B-00C04F79EFBC}") = "backend", "backend.csproj", "{4916D73E-3A80-43B3-AB86-C7CEC18B5981}"
EndProject
Global
	GlobalSection(SolutionConfigurationPlatforms) = preSolution
		Debug|Any CPU = Debug|Any CPU
		Release|Any CPU = Release|Any CPU
	EndGlobalSection
	GlobalSection(ProjectConfigurationPlatforms) = postSolution
		{4916D73E-3A80-43B3-AB86-C7CEC18B5981}.Debug|Any CPU.ActiveCfg = Debug|Any CPU
		{4916D73E-3A80-43B3-AB86-C7CEC18B5981}.Debug|Any CPU.Build.0 = Debug|Any CPU
		{4916D73E-3A80-43B3-AB86-C7CEC18B5981}.Release|Any CPU.ActiveCfg = Release|Any CPU
		{4916D73E-3A80-43B3-AB86-C7CEC18B5981}.Release|Any CPU.Build.0 = Release|Any CPU
	EndGlobalSection
	GlobalSection(SolutionProperties) = preSolution
		HideSolutionNode = FALSE
	EndGlobalSection
	GlobalSection(ExtensibilityGlobals) = postSolution
		SolutionGuid = {B13CCE49-2CC2-4C44-9796-84D3BFB950AB}
	EndGlobalSection
EndGlobal
